
Microsoft Visual Studio Solution File, Format Version 12.00
# Visual Studio Version 16
VisualStudioVersion = 16.0.31424.327
MinimumVisualStudioVersion = 10.0.40219.1
Project("{FAE04EC0-301F-11D3-BF4B-00C04F79EFBC}") = "MaxTestWebApiCodeGen", "MaxTestWebApiCodeGen\MaxTestWebApiCodeGen.csproj", "{ADF93724-59DA-4B57-A07E-8CADF5BC6585}"
EndProject
Global
	GlobalSection(SolutionConfigurationPlatforms) = preSolution
		Debug|Any CPU = Debug|Any CPU
		Release|Any CPU = Release|Any CPU
	EndGlobalSection
	GlobalSection(ProjectConfigurationPlatforms) = postSolution
		{ADF93724-59DA-4B57-A07E-8CADF5BC6585}.Debug|Any CPU.ActiveCfg = Debug|Any CPU
		{ADF93724-59DA-4B57-A07E-8CADF5BC6585}.Debug|Any CPU.Build.0 = Debug|Any CPU
		{ADF93724-59DA-4B57-A07E-8CADF5BC6585}.Release|Any CPU.ActiveCfg = Release|Any CPU
		{ADF93724-59DA-4B57-A07E-8CADF5BC6585}.Release|Any CPU.Build.0 = Release|Any CPU
	EndGlobalSection
	GlobalSection(SolutionProperties) = preSolution
		HideSolutionNode = FALSE
	EndGlobalSection
	GlobalSection(ExtensibilityGlobals) = postSolution
		SolutionGuid = {4CCCD541-B6ED-4A5F-80A8-DCC86F534695}
	EndGlobalSection
EndGlobal
